{
  "name": "eslint-plugin-core-practices",
  "version": "1.0.0",
  "lockfileVersion": 2,
  "requires": true,
  "packages": {
    "": {
      "name": "eslint-plugin-core-practices",
      "version": "1.0.0",
      "license": "ISC",
      "dependencies": {
        "verb-corpus": "^3.5.0"
      },
      "devDependencies": {}
    },
    "node_modules/verb-corpus": {
      "version": "3.5.0",
      "resolved": "https://registry.npmjs.org/verb-corpus/-/verb-corpus-3.5.0.tgz",
      "integrity": "sha512-HYkwsrFokp/3A+JDki6w8VU91J7eSDwtvo6iRHYOLnjKRZ6n8epgiNKjakj6IY0zkSEkjW64rUjGyD605rcukQ=="
    }
  },
  "dependencies": {
    "verb-corpus": {
      "version": "3.5.0",
      "resolved": "https://registry.npmjs.org/verb-corpus/-/verb-corpus-3.5.0.tgz",
      "integrity": "sha512-HYkwsrFokp/3A+JDki6w8VU91J7eSDwtvo6iRHYOLnjKRZ6n8epgiNKjakj6IY0zkSEkjW64rUjGyD605rcukQ=="
    }
  }
}
